
Microsoft Visual Studio Solution File, Format Version 12.00
# Visual Studio Version 17
VisualStudioVersion = 17.13.35806.99 d17.13
MinimumVisualStudioVersion = 10.0.40219.1
Project("{FAE04EC0-301F-11D3-BF4B-00C04F79EFBC}") = "ShinyIntervalTest", "ShinyIntervalTest\ShinyIntervalTest.csproj", "{37813735-D6B8-4A5A-9920-5AEF692C780D}"
EndProject
Global
	GlobalSection(SolutionConfigurationPlatforms) = preSolution
		Debug|Any CPU = Debug|Any CPU
		Release|Any CPU = Release|Any CPU
	EndGlobalSection
	GlobalSection(ProjectConfigurationPlatforms) = postSolution
		{37813735-D6B8-4A5A-9920-5AEF692C780D}.Debug|Any CPU.ActiveCfg = Debug|Any CPU
		{37813735-D6B8-4A5A-9920-5AEF692C780D}.Debug|Any CPU.Build.0 = Debug|Any CPU
		{37813735-D6B8-4A5A-9920-5AEF692C780D}.Debug|Any CPU.Deploy.0 = Debug|Any CPU
		{37813735-D6B8-4A5A-9920-5AEF692C780D}.Release|Any CPU.ActiveCfg = Release|Any CPU
		{37813735-D6B8-4A5A-9920-5AEF692C780D}.Release|Any CPU.Build.0 = Release|Any CPU
		{37813735-D6B8-4A5A-9920-5AEF692C780D}.Release|Any CPU.Deploy.0 = Release|Any CPU
	EndGlobalSection
	GlobalSection(SolutionProperties) = preSolution
		HideSolutionNode = FALSE
	EndGlobalSection
	GlobalSection(ExtensibilityGlobals) = postSolution
		SolutionGuid = {21F806AA-8B91-4535-8F12-BFE1554D9A30}
	EndGlobalSection
EndGlobal
